
Microsoft Visual Studio Solution File, Format Version 12.00
# Visual Studio Version 16
VisualStudioVersion = 16.0.31205.134
MinimumVisualStudioVersion = 10.0.40219.1
Project("{9A19103F-16F7-4668-BE54-9A1E7A4F7556}") = "MNS.Core", "MNS.Core\MNS.Core.csproj", "{F71D81B7-B1F7-497E-A61C-D9B8E239E63E}"
EndProject
Project("{9A19103F-16F7-4668-BE54-9A1E7A4F7556}") = "MNS.Services.MobilePlan.Api", "MNS.Plan.Service\MNS.Services.MobilePlan.Api.csproj", "{5FE395C1-7673-43C6-ADAA-BC9ECE54E1CA}"
EndProject
Project("{9A19103F-16F7-4668-BE54-9A1E7A4F7556}") = "MNS.Services.Customer.Api", "MNS.Customer.Service\MNS.Services.Customer.Api.csproj", "{5240329A-C859-4BC3-96B1-5CFF072D1423}"
EndProject
Project("{9A19103F-16F7-4668-BE54-9A1E7A4F7556}") = "MNS.Services.Utilization.Api", "MNS.Utilization.Service\MNS.Services.Utilization.Api.csproj", "{E29F2A16-0D96-4F52-9589-24E74CA41403}"
EndProject
Project("{9A19103F-16F7-4668-BE54-9A1E7A4F7556}") = "MNS.Services.Tests", "MNS.Services.Tests\MNS.Services.Tests.csproj", "{85D4925B-A86A-462D-8498-BFE76D23BD1F}"
EndProject
Project("{2150E333-8FDC-42A3-9474-1A3956D46DE8}") = "Services", "Services", "{680FCE39-95AB-4FF6-A675-4F7BA134AF4B}"
EndProject
Project("{9A19103F-16F7-4668-BE54-9A1E7A4F7556}") = "MNS.APIGateway", "MNS.APIGateway\MNS.APIGateway.csproj", "{DCA118A3-C5A1-4FE0-A2CD-3D0BE5A45B8E}"
EndProject
Project("{2150E333-8FDC-42A3-9474-1A3956D46DE8}") = "Core", "Core", "{DD0B0660-5811-472D-989D-04386D98F2F0}"
EndProject
Project("{2150E333-8FDC-42A3-9474-1A3956D46DE8}") = "APIGateway", "APIGateway", "{43F2B5A4-E1BA-4012-8A47-4C39EFDCCD84}"
EndProject
Project("{2150E333-8FDC-42A3-9474-1A3956D46DE8}") = "Tests", "Tests", "{B437CB79-7BED-44D0-BF04-E2D215F02257}"
EndProject
Project("{9A19103F-16F7-4668-BE54-9A1E7A4F7556}") = "APIGateway", "APIGateway\APIGateway.csproj", "{20B8DB51-2177-4FFF-8EC9-028201DC119B}"
EndProject
Project("{2150E333-8FDC-42A3-9474-1A3956D46DE8}") = "Customer", "Customer", "{87342343-BC56-4AC0-9A58-744651345FD4}"
EndProject
Project("{2150E333-8FDC-42A3-9474-1A3956D46DE8}") = "MoilePlan", "MoilePlan", "{37183E56-13A8-43D8-A023-59EE1DB77E9A}"
EndProject
Project("{2150E333-8FDC-42A3-9474-1A3956D46DE8}") = "Utilization", "Utilization", "{4EFDD45F-746A-415A-A149-AB0F5483D23C}"
EndProject
Project("{FAE04EC0-301F-11D3-BF4B-00C04F79EFBC}") = "MNS.Services.Customer.Core", "MNS.Services.Customer.Core\MNS.Services.Customer.Core.csproj", "{E2B912E3-A94B-434B-9145-4865DA792C3A}"
EndProject
Project("{FAE04EC0-301F-11D3-BF4B-00C04F79EFBC}") = "MNS.Services.Customer.Infrastructure", "MNS.Services.Customer.Infrastructure\MNS.Services.Customer.Infrastructure.csproj", "{3ED00623-AB65-4A07-80D2-A0DF21A815C9}"
EndProject
Project("{FAE04EC0-301F-11D3-BF4B-00C04F79EFBC}") = "MNS.Services.MobilePlan.Core", "MNS.Services.MobilePlan.Core\MNS.Services.MobilePlan.Core.csproj", "{37B210D4-BEE6-4E45-BF77-B572B9FD5859}"
EndProject
Project("{FAE04EC0-301F-11D3-BF4B-00C04F79EFBC}") = "MNS.Services.MobilePlan.Infrastructure", "MNS.Services.MobilePlan.Infrastructure\MNS.Services.MobilePlan.Infrastructure.csproj", "{CDCCB0F2-FADC-4CD2-A9A4-40D564821A14}"
EndProject
Project("{FAE04EC0-301F-11D3-BF4B-00C04F79EFBC}") = "MNS.Services.Utilization.Core", "MNS.Services.Utilization.Core\MNS.Services.Utilization.Core.csproj", "{F56C4719-E6BE-44FB-8A7E-22FA9301FABA}"
EndProject
Project("{FAE04EC0-301F-11D3-BF4B-00C04F79EFBC}") = "MNS.Services.Utilization.Infrastructure", "MNS.Services.Utilization.Infrastructure\MNS.Services.Utilization.Infrastructure.csproj", "{A6436F42-A231-4351-B8A3-D860C755223A}"
EndProject
Project("{2150E333-8FDC-42A3-9474-1A3956D46DE8}") = "Integration", "Integration", "{C94DC04F-C1F5-4DF1-BE35-EAB5E547228C}"
EndProject
Project("{FAE04EC0-301F-11D3-BF4B-00C04F79EFBC}") = "MNS.Integration.MessagingBus", "MNS.Integration.MessageBus\MNS.Integration.MessagingBus.csproj", "{B53B61DD-0D66-4F32-A1FB-FF697DB3D5FC}"
EndProject
Global
	GlobalSection(SolutionConfigurationPlatforms) = preSolution
		Debug|Any CPU = Debug|Any CPU
		Release|Any CPU = Release|Any CPU
	EndGlobalSection
	GlobalSection(ProjectConfigurationPlatforms) = postSolution
		{F71D81B7-B1F7-497E-A61C-D9B8E239E63E}.Debug|Any CPU.ActiveCfg = Debug|Any CPU
		{F71D81B7-B1F7-497E-A61C-D9B8E239E63E}.Debug|Any CPU.Build.0 = Debug|Any CPU
		{F71D81B7-B1F7-497E-A61C-D9B8E239E63E}.Release|Any CPU.ActiveCfg = Release|Any CPU
		{F71D81B7-B1F7-497E-A61C-D9B8E239E63E}.Release|Any CPU.Build.0 = Release|Any CPU
		{5FE395C1-7673-43C6-ADAA-BC9ECE54E1CA}.Debug|Any CPU.ActiveCfg = Debug|Any CPU
		{5FE395C1-7673-43C6-ADAA-BC9ECE54E1CA}.Debug|Any CPU.Build.0 = Debug|Any CPU
		{5FE395C1-7673-43C6-ADAA-BC9ECE54E1CA}.Release|Any CPU.ActiveCfg = Release|Any CPU
		{5FE395C1-7673-43C6-ADAA-BC9ECE54E1CA}.Release|Any CPU.Build.0 = Release|Any CPU
		{5240329A-C859-4BC3-96B1-5CFF072D1423}.Debug|Any CPU.ActiveCfg = Debug|Any CPU
		{5240329A-C859-4BC3-96B1-5CFF072D1423}.Debug|Any CPU.Build.0 = Debug|Any CPU
		{5240329A-C859-4BC3-96B1-5CFF072D1423}.Release|Any CPU.ActiveCfg = Release|Any CPU
		{5240329A-C859-4BC3-96B1-5CFF072D1423}.Release|Any CPU.Build.0 = Release|Any CPU
		{E29F2A16-0D96-4F52-9589-24E74CA41403}.Debug|Any CPU.ActiveCfg = Debug|Any CPU
		{E29F2A16-0D96-4F52-9589-24E74CA41403}.Debug|Any CPU.Build.0 = Debug|Any CPU
		{E29F2A16-0D96-4F52-9589-24E74CA41403}.Release|Any CPU.ActiveCfg = Release|Any CPU
		{E29F2A16-0D96-4F52-9589-24E74CA41403}.Release|Any CPU.Build.0 = Release|Any CPU
		{85D4925B-A86A-462D-8498-BFE76D23BD1F}.Debug|Any CPU.ActiveCfg = Debug|Any CPU
		{85D4925B-A86A-462D-8498-BFE76D23BD1F}.Debug|Any CPU.Build.0 = Debug|Any CPU
		{85D4925B-A86A-462D-8498-BFE76D23BD1F}.Release|Any CPU.ActiveCfg = Release|Any CPU
		{85D4925B-A86A-462D-8498-BFE76D23BD1F}.Release|Any CPU.Build.0 = Release|Any CPU
		{DCA118A3-C5A1-4FE0-A2CD-3D0BE5A45B8E}.Debug|Any CPU.ActiveCfg = Debug|Any CPU
		{DCA118A3-C5A1-4FE0-A2CD-3D0BE5A45B8E}.Debug|Any CPU.Build.0 = Debug|Any CPU
		{DCA118A3-C5A1-4FE0-A2CD-3D0BE5A45B8E}.Release|Any CPU.ActiveCfg = Release|Any CPU
		{DCA118A3-C5A1-4FE0-A2CD-3D0BE5A45B8E}.Release|Any CPU.Build.0 = Release|Any CPU
		{20B8DB51-2177-4FFF-8EC9-028201DC119B}.Debug|Any CPU.ActiveCfg = Debug|Any CPU
		{20B8DB51-2177-4FFF-8EC9-028201DC119B}.Debug|Any CPU.Build.0 = Debug|Any CPU
		{20B8DB51-2177-4FFF-8EC9-028201DC119B}.Release|Any CPU.ActiveCfg = Release|Any CPU
		{20B8DB51-2177-4FFF-8EC9-028201DC119B}.Release|Any CPU.Build.0 = Release|Any CPU
		{E2B912E3-A94B-434B-9145-4865DA792C3A}.Debug|Any CPU.ActiveCfg = Debug|Any CPU
		{E2B912E3-A94B-434B-9145-4865DA792C3A}.Debug|Any CPU.Build.0 = Debug|Any CPU
		{E2B912E3-A94B-434B-9145-4865DA792C3A}.Release|Any CPU.ActiveCfg = Release|Any CPU
		{E2B912E3-A94B-434B-9145-4865DA792C3A}.Release|Any CPU.Build.0 = Release|Any CPU
		{3ED00623-AB65-4A07-80D2-A0DF21A815C9}.Debug|Any CPU.ActiveCfg = Debug|Any CPU
		{3ED00623-AB65-4A07-80D2-A0DF21A815C9}.Debug|Any CPU.Build.0 = Debug|Any CPU
		{3ED00623-AB65-4A07-80D2-A0DF21A815C9}.Release|Any CPU.ActiveCfg = Release|Any CPU
		{3ED00623-AB65-4A07-80D2-A0DF21A815C9}.Release|Any CPU.Build.0 = Release|Any CPU
		{37B210D4-BEE6-4E45-BF77-B572B9FD5859}.Debug|Any CPU.ActiveCfg = Debug|Any CPU
		{37B210D4-BEE6-4E45-BF77-B572B9FD5859}.Debug|Any CPU.Build.0 = Debug|Any CPU
		{37B210D4-BEE6-4E45-BF77-B572B9FD5859}.Release|Any CPU.ActiveCfg = Release|Any CPU
		{37B210D4-BEE6-4E45-BF77-B572B9FD5859}.Release|Any CPU.Build.0 = Release|Any CPU
		{CDCCB0F2-FADC-4CD2-A9A4-40D564821A14}.Debug|Any CPU.ActiveCfg = Debug|Any CPU
		{CDCCB0F2-FADC-4CD2-A9A4-40D564821A14}.Debug|Any CPU.Build.0 = Debug|Any CPU
		{CDCCB0F2-FADC-4CD2-A9A4-40D564821A14}.Release|Any CPU.ActiveCfg = Release|Any CPU
		{CDCCB0F2-FADC-4CD2-A9A4-40D564821A14}.Release|Any CPU.Build.0 = Release|Any CPU
		{F56C4719-E6BE-44FB-8A7E-22FA9301FABA}.Debug|Any CPU.ActiveCfg = Debug|Any CPU
		{F56C4719-E6BE-44FB-8A7E-22FA9301FABA}.Debug|Any CPU.Build.0 = Debug|Any CPU
		{F56C4719-E6BE-44FB-8A7E-22FA9301FABA}.Release|Any CPU.ActiveCfg = Release|Any CPU
		{F56C4719-E6BE-44FB-8A7E-22FA9301FABA}.Release|Any CPU.Build.0 = Release|Any CPU
		{A6436F42-A231-4351-B8A3-D860C755223A}.Debug|Any CPU.ActiveCfg = Debug|Any CPU
		{A6436F42-A231-4351-B8A3-D860C755223A}.Debug|Any CPU.Build.0 = Debug|Any CPU
		{A6436F42-A231-4351-B8A3-D860C755223A}.Release|Any CPU.ActiveCfg = Release|Any CPU
		{A6436F42-A231-4351-B8A3-D860C755223A}.Release|Any CPU.Build.0 = Release|Any CPU
		{B53B61DD-0D66-4F32-A1FB-FF697DB3D5FC}.Debug|Any CPU.ActiveCfg = Debug|Any CPU
		{B53B61DD-0D66-4F32-A1FB-FF697DB3D5FC}.Debug|Any CPU.Build.0 = Debug|Any CPU
		{B53B61DD-0D66-4F32-A1FB-FF697DB3D5FC}.Release|Any CPU.ActiveCfg = Release|Any CPU
		{B53B61DD-0D66-4F32-A1FB-FF697DB3D5FC}.Release|Any CPU.Build.0 = Release|Any CPU
	EndGlobalSection
	GlobalSection(SolutionProperties) = preSolution
		HideSolutionNode = FALSE
	EndGlobalSection
	GlobalSection(NestedProjects) = preSolution
		{F71D81B7-B1F7-497E-A61C-D9B8E239E63E} = {DD0B0660-5811-472D-989D-04386D98F2F0}
		{5FE395C1-7673-43C6-ADAA-BC9ECE54E1CA} = {37183E56-13A8-43D8-A023-59EE1DB77E9A}
		{5240329A-C859-4BC3-96B1-5CFF072D1423} = {87342343-BC56-4AC0-9A58-744651345FD4}
		{E29F2A16-0D96-4F52-9589-24E74CA41403} = {4EFDD45F-746A-415A-A149-AB0F5483D23C}
		{85D4925B-A86A-462D-8498-BFE76D23BD1F} = {B437CB79-7BED-44D0-BF04-E2D215F02257}
		{DCA118A3-C5A1-4FE0-A2CD-3D0BE5A45B8E} = {43F2B5A4-E1BA-4012-8A47-4C39EFDCCD84}
		{20B8DB51-2177-4FFF-8EC9-028201DC119B} = {43F2B5A4-E1BA-4012-8A47-4C39EFDCCD84}
		{87342343-BC56-4AC0-9A58-744651345FD4} = {680FCE39-95AB-4FF6-A675-4F7BA134AF4B}
		{37183E56-13A8-43D8-A023-59EE1DB77E9A} = {680FCE39-95AB-4FF6-A675-4F7BA134AF4B}
		{4EFDD45F-746A-415A-A149-AB0F5483D23C} = {680FCE39-95AB-4FF6-A675-4F7BA134AF4B}
		{E2B912E3-A94B-434B-9145-4865DA792C3A} = {87342343-BC56-4AC0-9A58-744651345FD4}
		{3ED00623-AB65-4A07-80D2-A0DF21A815C9} = {87342343-BC56-4AC0-9A58-744651345FD4}
		{37B210D4-BEE6-4E45-BF77-B572B9FD5859} = {37183E56-13A8-43D8-A023-59EE1DB77E9A}
		{CDCCB0F2-FADC-4CD2-A9A4-40D564821A14} = {37183E56-13A8-43D8-A023-59EE1DB77E9A}
		{F56C4719-E6BE-44FB-8A7E-22FA9301FABA} = {4EFDD45F-746A-415A-A149-AB0F5483D23C}
		{A6436F42-A231-4351-B8A3-D860C755223A} = {4EFDD45F-746A-415A-A149-AB0F5483D23C}
		{B53B61DD-0D66-4F32-A1FB-FF697DB3D5FC} = {C94DC04F-C1F5-4DF1-BE35-EAB5E547228C}
	EndGlobalSection
	GlobalSection(ExtensibilityGlobals) = postSolution
		SolutionGuid = {67459A50-CEBD-4887-86A3-0B5E979D8D23}
	EndGlobalSection
EndGlobal
